
Microsoft Visual Studio Solution File, Format Version 12.00
# Visual Studio Version 16
VisualStudioVersion = 25.0.1704.5
MinimumVisualStudioVersion = 10.0.40219.1
Project("{FAE04EC0-301F-11D3-BF4B-00C04F79EFBC}") = "MonsterHunterAPI", "MonsterHunterAPI.csproj", "{CEA6BAAE-A722-4198-80EF-3440CE5A455A}"
EndProject
Global
	GlobalSection(SolutionConfigurationPlatforms) = preSolution
		Debug|Any CPU = Debug|Any CPU
		Release|Any CPU = Release|Any CPU
	EndGlobalSection
	GlobalSection(ProjectConfigurationPlatforms) = postSolution
		{CEA6BAAE-A722-4198-80EF-3440CE5A455A}.Debug|Any CPU.ActiveCfg = Debug|Any CPU
		{CEA6BAAE-A722-4198-80EF-3440CE5A455A}.Debug|Any CPU.Build.0 = Debug|Any CPU
		{CEA6BAAE-A722-4198-80EF-3440CE5A455A}.Release|Any CPU.ActiveCfg = Release|Any CPU
		{CEA6BAAE-A722-4198-80EF-3440CE5A455A}.Release|Any CPU.Build.0 = Release|Any CPU
	EndGlobalSection
	GlobalSection(SolutionProperties) = preSolution
		HideSolutionNode = FALSE
	EndGlobalSection
	GlobalSection(ExtensibilityGlobals) = postSolution
		SolutionGuid = {6B1BCA3C-4451-436F-820E-854B9C61E221}
	EndGlobalSection
EndGlobal
